
Microsoft Visual Studio Solution File, Format Version 12.00
# Visual Studio Version 17
VisualStudioVersion = 17.0.31919.166
MinimumVisualStudioVersion = 10.0.40219.1
Project("{FAE04EC0-301F-11D3-BF4B-00C04F79EFBC}") = "Pig Latin", "Pig Latin\Pig Latin.csproj", "{7E73DFBD-2182-4EC0-A2F1-39C2C8920B69}"
EndProject
Global
	GlobalSection(SolutionConfigurationPlatforms) = preSolution
		Debug|Any CPU = Debug|Any CPU
		Release|Any CPU = Release|Any CPU
	EndGlobalSection
	GlobalSection(ProjectConfigurationPlatforms) = postSolution
		{7E73DFBD-2182-4EC0-A2F1-39C2C8920B69}.Debug|Any CPU.ActiveCfg = Debug|Any CPU
		{7E73DFBD-2182-4EC0-A2F1-39C2C8920B69}.Debug|Any CPU.Build.0 = Debug|Any CPU
		{7E73DFBD-2182-4EC0-A2F1-39C2C8920B69}.Release|Any CPU.ActiveCfg = Release|Any CPU
		{7E73DFBD-2182-4EC0-A2F1-39C2C8920B69}.Release|Any CPU.Build.0 = Release|Any CPU
	EndGlobalSection
	GlobalSection(SolutionProperties) = preSolution
		HideSolutionNode = FALSE
	EndGlobalSection
	GlobalSection(ExtensibilityGlobals) = postSolution
		SolutionGuid = {C80BDD19-54D0-4EA4-9C33-A5F802BAA4FE}
	EndGlobalSection
EndGlobal
